// !$*UTF8*$!
{
	archiveVersion = 1;
	classes = {
	};
	objectVersion = 55;
	objects = {

/* Begin PBXBuildFile section */
		012AD6DC570F611378D352A5 /* Pods_TaskBucketTests.framework in Frameworks */ = {isa = PBXBuildFile; fileRef = 9CAB628C47A1C8F2C4EC2834 /* Pods_TaskBucketTests.framework */; };
		20B17CE877BB88327C5D0506 /* Pods_TaskBucket.framework in Frameworks */ = {isa = PBXBuildFile; fileRef = 45D3DB7229269277144BE89D /* Pods_TaskBucket.framework */; };
		2902CE9A286DF5EC009F5BED /* EntryViewController.swift in Sources */ = {isa = PBXBuildFile; fileRef = 2902CE99286DF5EC009F5BED /* EntryViewController.swift */; };
		2902CE9C286DF606009F5BED /* TaskViewController.swift in Sources */ = {isa = PBXBuildFile; fileRef = 2902CE9B286DF606009F5BED /* TaskViewController.swift */; };
		2902CE9E286F175E009F5BED /* ProfileViewController.swift in Sources */ = {isa = PBXBuildFile; fileRef = 2902CE9D286F175E009F5BED /* ProfileViewController.swift */; };
		2902CEA128716798009F5BED /* TaskTableViewCell.swift in Sources */ = {isa = PBXBuildFile; fileRef = 2902CE9F28716798009F5BED /* TaskTableViewCell.swift */; };
		2902CEA228716798009F5BED /* TaskTableViewCell.xib in Resources */ = {isa = PBXBuildFile; fileRef = 2902CEA028716798009F5BED /* TaskTableViewCell.xib */; };
		292D2D79284A42CD004A465B /* AppDelegate.swift in Sources */ = {isa = PBXBuildFile; fileRef = 292D2D78284A42CD004A465B /* AppDelegate.swift */; };
		292D2D7B284A42CD004A465B /* SceneDelegate.swift in Sources */ = {isa = PBXBuildFile; fileRef = 292D2D7A284A42CD004A465B /* SceneDelegate.swift */; };
		292D2D7D284A42CD004A465B /* LogInViewController.swift in Sources */ = {isa = PBXBuildFile; fileRef = 292D2D7C284A42CD004A465B /* LogInViewController.swift */; };
		292D2D80284A42CD004A465B /* Main.storyboard in Resources */ = {isa = PBXBuildFile; fileRef = 292D2D7E284A42CD004A465B /* Main.storyboard */; };
		292D2D82284A42D2004A465B /* Assets.xcassets in Resources */ = {isa = PBXBuildFile; fileRef = 292D2D81284A42D2004A465B /* Assets.xcassets */; };
		292D2D85284A42D2004A465B /* LaunchScreen.storyboard in Resources */ = {isa = PBXBuildFile; fileRef = 292D2D83284A42D2004A465B /* LaunchScreen.storyboard */; };
		292D2D90284A42D2004A465B /* TaskBucketTests.swift in Sources */ = {isa = PBXBuildFile; fileRef = 292D2D8F284A42D2004A465B /* TaskBucketTests.swift */; };
		292D2D9A284A42D2004A465B /* TaskBucketUITests.swift in Sources */ = {isa = PBXBuildFile; fileRef = 292D2D99284A42D2004A465B /* TaskBucketUITests.swift */; };
		292D2D9C284A42D2004A465B /* TaskBucketUITestsLaunchTests.swift in Sources */ = {isa = PBXBuildFile; fileRef = 292D2D9B284A42D2004A465B /* TaskBucketUITestsLaunchTests.swift */; };
		292D2DAA284A4378004A465B /* User.swift in Sources */ = {isa = PBXBuildFile; fileRef = 292D2DA9284A4378004A465B /* User.swift */; };
		292D2DAE284A467D004A465B /* Task.swift in Sources */ = {isa = PBXBuildFile; fileRef = 292D2DAD284A467D004A465B /* Task.swift */; };
		292D2DB0284E6548004A465B /* TestData.swift in Sources */ = {isa = PBXBuildFile; fileRef = 292D2DAF284E6548004A465B /* TestData.swift */; };
		292D2DB5284E7833004A465B /* ViewController.swift in Sources */ = {isa = PBXBuildFile; fileRef = 292D2DB4284E7833004A465B /* ViewController.swift */; };
		292D2DB72850046A004A465B /* CreateAccountViewController.swift in Sources */ = {isa = PBXBuildFile; fileRef = 292D2DB62850046A004A465B /* CreateAccountViewController.swift */; };
		292D2DB92850CA1E004A465B /* RestorPasswordViewController.swift in Sources */ = {isa = PBXBuildFile; fileRef = 292D2DB82850CA1E004A465B /* RestorPasswordViewController.swift */; };
		292D2DBB2851FE4D004A465B /* GoogleService-Info.plist in Resources */ = {isa = PBXBuildFile; fileRef = 292D2DBA2851FE4D004A465B /* GoogleService-Info.plist */; };
		29C920B328532EF4000B6BC9 /* Utilities.swift in Sources */ = {isa = PBXBuildFile; fileRef = 29C920B228532EF4000B6BC9 /* Utilities.swift */; };
		29C920B6285376D3000B6BC9 /* FirebaseController.swift in Sources */ = {isa = PBXBuildFile; fileRef = 29C920B5285376D3000B6BC9 /* FirebaseController.swift */; };
		29C920B828537887000B6BC9 /* GroupTask.swift in Sources */ = {isa = PBXBuildFile; fileRef = 29C920B728537887000B6BC9 /* GroupTask.swift */; };
		29C920BA2855C1F6000B6BC9 /* TaskListViewController.swift in Sources */ = {isa = PBXBuildFile; fileRef = 29C920B92855C1F6000B6BC9 /* TaskListViewController.swift */; };
		29E5E4032871C5D200CAF741 /* GoogleService-Info.plist in Resources */ = {isa = PBXBuildFile; fileRef = 29E5E4022871C5D200CAF741 /* GoogleService-Info.plist */; };
		D06B465EFCA56DE6E22DE387 /* Pods_TaskBucket_TaskBucketUITests.framework in Frameworks */ = {isa = PBXBuildFile; fileRef = 8F50AC6420321BC7235F0FFE /* Pods_TaskBucket_TaskBucketUITests.framework */; };
/* End PBXBuildFile section */

/* Begin PBXContainerItemProxy section */
		292D2D8C284A42D2004A465B /* PBXContainerItemProxy */ = {
			isa = PBXContainerItemProxy;
			containerPortal = 292D2D6D284A42CD004A465B /* Project object */;
			proxyType = 1;
			remoteGlobalIDString = 292D2D74284A42CD004A465B;
			remoteInfo = TaskBucket;
		};
		292D2D96284A42D2004A465B /* PBXContainerItemProxy */ = {
			isa = PBXContainerItemProxy;
			containerPortal = 292D2D6D284A42CD004A465B /* Project object */;
			proxyType = 1;
			remoteGlobalIDString = 292D2D74284A42CD004A465B;
			remoteInfo = TaskBucket;
		};
/* End PBXContainerItemProxy section */

/* Begin PBXFileReference section */
		2902CE99286DF5EC009F5BED /* EntryViewController.swift */ = {isa = PBXFileReference; lastKnownFileType = sourcecode.swift; path = EntryViewController.swift; sourceTree = "<group>"; };
		2902CE9B286DF606009F5BED /* TaskViewController.swift */ = {isa = PBXFileReference; lastKnownFileType = sourcecode.swift; path = TaskViewController.swift; sourceTree = "<group>"; };
		2902CE9D286F175E009F5BED /* ProfileViewController.swift */ = {isa = PBXFileReference; lastKnownFileType = sourcecode.swift; path = ProfileViewController.swift; sourceTree = "<group>"; };
		2902CE9F28716798009F5BED /* TaskTableViewCell.swift */ = {isa = PBXFileReference; lastKnownFileType = sourcecode.swift; path = TaskTableViewCell.swift; sourceTree = "<group>"; };
		2902CEA028716798009F5BED /* TaskTableViewCell.xib */ = {isa = PBXFileReference; lastKnownFileType = file.xib; path = TaskTableViewCell.xib; sourceTree = "<group>"; };
		292D2D75284A42CD004A465B /* TaskBucket.app */ = {isa = PBXFileReference; explicitFileType = wrapper.application; includeInIndex = 0; path = TaskBucket.app; sourceTree = BUILT_PRODUCTS_DIR; };
		292D2D78284A42CD004A465B /* AppDelegate.swift */ = {isa = PBXFileReference; lastKnownFileType = sourcecode.swift; path = AppDelegate.swift; sourceTree = "<group>"; };
		292D2D7A284A42CD004A465B /* SceneDelegate.swift */ = {isa = PBXFileReference; lastKnownFileType = sourcecode.swift; path = SceneDelegate.swift; sourceTree = "<group>"; };
		292D2D7C284A42CD004A465B /* LogInViewController.swift */ = {isa = PBXFileReference; lastKnownFileType = sourcecode.swift; path = LogInViewController.swift; sourceTree = "<group>"; };
		292D2D7F284A42CD004A465B /* Base */ = {isa = PBXFileReference; lastKnownFileType = file.storyboard; name = Base; path = Base.lproj/Main.storyboard; sourceTree = "<group>"; };
		292D2D81284A42D2004A465B /* Assets.xcassets */ = {isa = PBXFileReference; lastKnownFileType = folder.assetcatalog; path = Assets.xcassets; sourceTree = "<group>"; };
		292D2D84284A42D2004A465B /* Base */ = {isa = PBXFileReference; lastKnownFileType = file.storyboard; name = Base; path = Base.lproj/LaunchScreen.storyboard; sourceTree = "<group>"; };
		292D2D86284A42D2004A465B /* Info.plist */ = {isa = PBXFileReference; lastKnownFileType = text.plist.xml; path = Info.plist; sourceTree = "<group>"; };
		292D2D8B284A42D2004A465B /* TaskBucketTests.xctest */ = {isa = PBXFileReference; explicitFileType = wrapper.cfbundle; includeInIndex = 0; path = TaskBucketTests.xctest; sourceTree = BUILT_PRODUCTS_DIR; };
		292D2D8F284A42D2004A465B /* TaskBucketTests.swift */ = {isa = PBXFileReference; lastKnownFileType = sourcecode.swift; path = TaskBucketTests.swift; sourceTree = "<group>"; };
		292D2D95284A42D2004A465B /* TaskBucketUITests.xctest */ = {isa = PBXFileReference; explicitFileType = wrapper.cfbundle; includeInIndex = 0; path = TaskBucketUITests.xctest; sourceTree = BUILT_PRODUCTS_DIR; };
		292D2D99284A42D2004A465B /* TaskBucketUITests.swift */ = {isa = PBXFileReference; lastKnownFileType = sourcecode.swift; path = TaskBucketUITests.swift; sourceTree = "<group>"; };
		292D2D9B284A42D2004A465B /* TaskBucketUITestsLaunchTests.swift */ = {isa = PBXFileReference; lastKnownFileType = sourcecode.swift; path = TaskBucketUITestsLaunchTests.swift; sourceTree = "<group>"; };
		292D2DA9284A4378004A465B /* User.swift */ = {isa = PBXFileReference; lastKnownFileType = sourcecode.swift; path = User.swift; sourceTree = "<group>"; };
		292D2DAD284A467D004A465B /* Task.swift */ = {isa = PBXFileReference; lastKnownFileType = sourcecode.swift; path = Task.swift; sourceTree = "<group>"; };
		292D2DAF284E6548004A465B /* TestData.swift */ = {isa = PBXFileReference; lastKnownFileType = sourcecode.swift; path = TestData.swift; sourceTree = "<group>"; };
		292D2DB4284E7833004A465B /* ViewController.swift */ = {isa = PBXFileReference; lastKnownFileType = sourcecode.swift; path = ViewController.swift; sourceTree = "<group>"; };
		292D2DB62850046A004A465B /* CreateAccountViewController.swift */ = {isa = PBXFileReference; lastKnownFileType = sourcecode.swift; path = CreateAccountViewController.swift; sourceTree = "<group>"; };
		292D2DB82850CA1E004A465B /* RestorPasswordViewController.swift */ = {isa = PBXFileReference; lastKnownFileType = sourcecode.swift; path = RestorPasswordViewController.swift; sourceTree = "<group>"; };
		292D2DBA2851FE4D004A465B /* GoogleService-Info.plist */ = {isa = PBXFileReference; fileEncoding = 4; lastKnownFileType = text.plist.xml; path = "GoogleService-Info.plist"; sourceTree = "<group>"; };
		29C920B228532EF4000B6BC9 /* Utilities.swift */ = {isa = PBXFileReference; lastKnownFileType = sourcecode.swift; path = Utilities.swift; sourceTree = "<group>"; };
		29C920B5285376D3000B6BC9 /* FirebaseController.swift */ = {isa = PBXFileReference; lastKnownFileType = sourcecode.swift; path = FirebaseController.swift; sourceTree = "<group>"; };
		29C920B728537887000B6BC9 /* GroupTask.swift */ = {isa = PBXFileReference; lastKnownFileType = sourcecode.swift; path = GroupTask.swift; sourceTree = "<group>"; };
		29C920B92855C1F6000B6BC9 /* TaskListViewController.swift */ = {isa = PBXFileReference; lastKnownFileType = sourcecode.swift; path = TaskListViewController.swift; sourceTree = "<group>"; };
		29E5E4022871C5D200CAF741 /* GoogleService-Info.plist */ = {isa = PBXFileReference; fileEncoding = 4; lastKnownFileType = text.plist.xml; path = "GoogleService-Info.plist"; sourceTree = "<group>"; };
		3E457D5A8F9042B927E1EC8C /* Pods-TaskBucketTests.debug.xcconfig */ = {isa = PBXFileReference; includeInIndex = 1; lastKnownFileType = text.xcconfig; name = "Pods-TaskBucketTests.debug.xcconfig"; path = "Target Support Files/Pods-TaskBucketTests/Pods-TaskBucketTests.debug.xcconfig"; sourceTree = "<group>"; };
		45D3DB7229269277144BE89D /* Pods_TaskBucket.framework */ = {isa = PBXFileReference; explicitFileType = wrapper.framework; includeInIndex = 0; path = Pods_TaskBucket.framework; sourceTree = BUILT_PRODUCTS_DIR; };
		6AFCCE0A5C9280209C0F4B4D /* Pods-TaskBucket.release.xcconfig */ = {isa = PBXFileReference; includeInIndex = 1; lastKnownFileType = text.xcconfig; name = "Pods-TaskBucket.release.xcconfig"; path = "Target Support Files/Pods-TaskBucket/Pods-TaskBucket.release.xcconfig"; sourceTree = "<group>"; };
		8F50AC6420321BC7235F0FFE /* Pods_TaskBucket_TaskBucketUITests.framework */ = {isa = PBXFileReference; explicitFileType = wrapper.framework; includeInIndex = 0; path = Pods_TaskBucket_TaskBucketUITests.framework; sourceTree = BUILT_PRODUCTS_DIR; };
		91FE61127ACF406EC098BFB9 /* Pods-TaskBucketTests.release.xcconfig */ = {isa = PBXFileReference; includeInIndex = 1; lastKnownFileType = text.xcconfig; name = "Pods-TaskBucketTests.release.xcconfig"; path = "Target Support Files/Pods-TaskBucketTests/Pods-TaskBucketTests.release.xcconfig"; sourceTree = "<group>"; };
		9CAB628C47A1C8F2C4EC2834 /* Pods_TaskBucketTests.framework */ = {isa = PBXFileReference; explicitFileType = wrapper.framework; includeInIndex = 0; path = Pods_TaskBucketTests.framework; sourceTree = BUILT_PRODUCTS_DIR; };
		A700A6D9DEBDE07DA0D15D36 /* Pods-TaskBucket-TaskBucketUITests.debug.xcconfig */ = {isa = PBXFileReference; includeInIndex = 1; lastKnownFileType = text.xcconfig; name = "Pods-TaskBucket-TaskBucketUITests.debug.xcconfig"; path = "Target Support Files/Pods-TaskBucket-TaskBucketUITests/Pods-TaskBucket-TaskBucketUITests.debug.xcconfig"; sourceTree = "<group>"; };
		E1E1C15DE3D2FF89C117D64D /* Pods-TaskBucket.debug.xcconfig */ = {isa = PBXFileReference; includeInIndex = 1; lastKnownFileType = text.xcconfig; name = "Pods-TaskBucket.debug.xcconfig"; path = "Target Support Files/Pods-TaskBucket/Pods-TaskBucket.debug.xcconfig"; sourceTree = "<group>"; };
		F62F43F0F0097A24995FB00B /* Pods-TaskBucket-TaskBucketUITests.release.xcconfig */ = {isa = PBXFileReference; includeInIndex = 1; lastKnownFileType = text.xcconfig; name = "Pods-TaskBucket-TaskBucketUITests.release.xcconfig"; path = "Target Support Files/Pods-TaskBucket-TaskBucketUITests/Pods-TaskBucket-TaskBucketUITests.release.xcconfig"; sourceTree = "<group>"; };
/* End PBXFileReference section */

/* Begin PBXFrameworksBuildPhase section */
		292D2D72284A42CD004A465B /* Frameworks */ = {
			isa = PBXFrameworksBuildPhase;
			buildActionMask = 2147483647;
			files = (
				20B17CE877BB88327C5D0506 /* Pods_TaskBucket.framework in Frameworks */,
			);
			runOnlyForDeploymentPostprocessing = 0;
		};
		292D2D88284A42D2004A465B /* Frameworks */ = {
			isa = PBXFrameworksBuildPhase;
			buildActionMask = 2147483647;
			files = (
				012AD6DC570F611378D352A5 /* Pods_TaskBucketTests.framework in Frameworks */,
			);
			runOnlyForDeploymentPostprocessing = 0;
		};
		292D2D92284A42D2004A465B /* Frameworks */ = {
			isa = PBXFrameworksBuildPhase;
			buildActionMask = 2147483647;
			files = (
				D06B465EFCA56DE6E22DE387 /* Pods_TaskBucket_TaskBucketUITests.framework in Frameworks */,
			);
			runOnlyForDeploymentPostprocessing = 0;
		};
/* End PBXFrameworksBuildPhase section */

/* Begin PBXGroup section */
		01E062F2DF4CCF1BC9A3E7DD /* Pods */ = {
			isa = PBXGroup;
			children = (
				E1E1C15DE3D2FF89C117D64D /* Pods-TaskBucket.debug.xcconfig */,
				6AFCCE0A5C9280209C0F4B4D /* Pods-TaskBucket.release.xcconfig */,
				A700A6D9DEBDE07DA0D15D36 /* Pods-TaskBucket-TaskBucketUITests.debug.xcconfig */,
				F62F43F0F0097A24995FB00B /* Pods-TaskBucket-TaskBucketUITests.release.xcconfig */,
				3E457D5A8F9042B927E1EC8C /* Pods-TaskBucketTests.debug.xcconfig */,
				91FE61127ACF406EC098BFB9 /* Pods-TaskBucketTests.release.xcconfig */,
			);
			path = Pods;
			sourceTree = "<group>";
		};
		292D2D6C284A42CD004A465B = {
			isa = PBXGroup;
			children = (
				292D2D77284A42CD004A465B /* TaskBucket */,
				292D2D8E284A42D2004A465B /* TaskBucketTests */,
				292D2D98284A42D2004A465B /* TaskBucketUITests */,
				292D2D76284A42CD004A465B /* Products */,
				01E062F2DF4CCF1BC9A3E7DD /* Pods */,
				5F992537B70F7868C308547A /* Frameworks */,
			);
			sourceTree = "<group>";
		};
		292D2D76284A42CD004A465B /* Products */ = {
			isa = PBXGroup;
			children = (
				292D2D75284A42CD004A465B /* TaskBucket.app */,
				292D2D8B284A42D2004A465B /* TaskBucketTests.xctest */,
				292D2D95284A42D2004A465B /* TaskBucketUITests.xctest */,
			);
			name = Products;
			sourceTree = "<group>";
		};
		292D2D77284A42CD004A465B /* TaskBucket */ = {
			isa = PBXGroup;
			children = (
				292D2DB1284E655A004A465B /* Data */,
				292D2DA8284A42FB004A465B /* Model */,
				29C920B428537609000B6BC9 /* Repository */,
				292D2DB3284E77FB004A465B /* Controller */,
				292D2DB2284E7644004A465B /* View */,
				292D2D78284A42CD004A465B /* AppDelegate.swift */,
				292D2D7A284A42CD004A465B /* SceneDelegate.swift */,
				292D2D7E284A42CD004A465B /* Main.storyboard */,
				292D2D81284A42D2004A465B /* Assets.xcassets */,
				292D2D83284A42D2004A465B /* LaunchScreen.storyboard */,
				292D2D86284A42D2004A465B /* Info.plist */,
				29E5E4022871C5D200CAF741 /* GoogleService-Info.plist */,
				292D2DBA2851FE4D004A465B /* GoogleService-Info.plist */,
			);
			path = TaskBucket;
			sourceTree = "<group>";
		};
		292D2D8E284A42D2004A465B /* TaskBucketTests */ = {
			isa = PBXGroup;
			children = (
				292D2D8F284A42D2004A465B /* TaskBucketTests.swift */,
			);
			path = TaskBucketTests;
			sourceTree = "<group>";
		};
		292D2D98284A42D2004A465B /* TaskBucketUITests */ = {
			isa = PBXGroup;
			children = (
				292D2D99284A42D2004A465B /* TaskBucketUITests.swift */,
				292D2D9B284A42D2004A465B /* TaskBucketUITestsLaunchTests.swift */,
			);
			path = TaskBucketUITests;
			sourceTree = "<group>";
		};
		292D2DA8284A42FB004A465B /* Model */ = {
			isa = PBXGroup;
			children = (
				292D2DA9284A4378004A465B /* User.swift */,
				292D2DAD284A467D004A465B /* Task.swift */,
				29C920B728537887000B6BC9 /* GroupTask.swift */,
			);
			path = Model;
			sourceTree = "<group>";
		};
		292D2DB1284E655A004A465B /* Data */ = {
			isa = PBXGroup;
			children = (
				292D2DAF284E6548004A465B /* TestData.swift */,
			);
			path = Data;
			sourceTree = "<group>";
		};
		292D2DB2284E7644004A465B /* View */ = {
			isa = PBXGroup;
			children = (
				292D2D7C284A42CD004A465B /* LogInViewController.swift */,
				292D2DB62850046A004A465B /* CreateAccountViewController.swift */,
				292D2DB82850CA1E004A465B /* RestorPasswordViewController.swift */,
				29C920B92855C1F6000B6BC9 /* TaskListViewController.swift */,
				2902CE99286DF5EC009F5BED /* EntryViewController.swift */,
				2902CE9B286DF606009F5BED /* TaskViewController.swift */,
				2902CE9D286F175E009F5BED /* ProfileViewController.swift */,
				2902CE9F28716798009F5BED /* TaskTableViewCell.swift */,
				2902CEA028716798009F5BED /* TaskTableViewCell.xib */,
			);
			path = View;
			sourceTree = "<group>";
		};
		292D2DB3284E77FB004A465B /* Controller */ = {
			isa = PBXGroup;
			children = (
				292D2DB4284E7833004A465B /* ViewController.swift */,
				29C920B228532EF4000B6BC9 /* Utilities.swift */,
			);
			path = Controller;
			sourceTree = "<group>";
		};
		29C920B428537609000B6BC9 /* Repository */ = {
			isa = PBXGroup;
			children = (
				29C920B5285376D3000B6BC9 /* FirebaseController.swift */,
			);
			path = Repository;
			sourceTree = "<group>";
		};
		5F992537B70F7868C308547A /* Frameworks */ = {
			isa = PBXGroup;
			children = (
				45D3DB7229269277144BE89D /* Pods_TaskBucket.framework */,
				8F50AC6420321BC7235F0FFE /* Pods_TaskBucket_TaskBucketUITests.framework */,
				9CAB628C47A1C8F2C4EC2834 /* Pods_TaskBucketTests.framework */,
			);
			name = Frameworks;
			sourceTree = "<group>";
		};
/* End PBXGroup section */

/* Begin PBXNativeTarget section */
		292D2D74284A42CD004A465B /* TaskBucket */ = {
			isa = PBXNativeTarget;
			buildConfigurationList = 292D2D9F284A42D2004A465B /* Build configuration list for PBXNativeTarget "TaskBucket" */;
			buildPhases = (
				615EFFC03F96F59A1C779964 /* [CP] Check Pods Manifest.lock */,
				292D2D71284A42CD004A465B /* Sources */,
				292D2D72284A42CD004A465B /* Frameworks */,
				292D2D73284A42CD004A465B /* Resources */,
				8CD02DB1BB017283339EF1CF /* [CP] Embed Pods Frameworks */,
			);
			buildRules = (
			);
			dependencies = (
			);
			name = TaskBucket;
			packageProductDependencies = (
			);
			productName = TaskBucket;
			productReference = 292D2D75284A42CD004A465B /* TaskBucket.app */;
			productType = "com.apple.product-type.application";
		};
		292D2D8A284A42D2004A465B /* TaskBucketTests */ = {
			isa = PBXNativeTarget;
			buildConfigurationList = 292D2DA2284A42D2004A465B /* Build configuration list for PBXNativeTarget "TaskBucketTests" */;
			buildPhases = (
				43D9897DB54D1A2F5261F85F /* [CP] Check Pods Manifest.lock */,
				292D2D87284A42D2004A465B /* Sources */,
				292D2D88284A42D2004A465B /* Frameworks */,
				292D2D89284A42D2004A465B /* Resources */,
			);
			buildRules = (
			);
			dependencies = (
				292D2D8D284A42D2004A465B /* PBXTargetDependency */,
			);
			name = TaskBucketTests;
			productName = TaskBucketTests;
			productReference = 292D2D8B284A42D2004A465B /* TaskBucketTests.xctest */;
			productType = "com.apple.product-type.bundle.unit-test";
		};
		292D2D94284A42D2004A465B /* TaskBucketUITests */ = {
			isa = PBXNativeTarget;
			buildConfigurationList = 292D2DA5284A42D2004A465B /* Build configuration list for PBXNativeTarget "TaskBucketUITests" */;
			buildPhases = (
				D87170C8375CD368CF722FC3 /* [CP] Check Pods Manifest.lock */,
				292D2D91284A42D2004A465B /* Sources */,
				292D2D92284A42D2004A465B /* Frameworks */,
				292D2D93284A42D2004A465B /* Resources */,
				EAFB9C1F69B5B5EF38E48952 /* [CP] Embed Pods Frameworks */,
			);
			buildRules = (
			);
			dependencies = (
				292D2D97284A42D2004A465B /* PBXTargetDependency */,
			);
			name = TaskBucketUITests;
			productName = TaskBucketUITests;
			productReference = 292D2D95284A42D2004A465B /* TaskBucketUITests.xctest */;
			productType = "com.apple.product-type.bundle.ui-testing";
		};
/* End PBXNativeTarget section */

/* Begin PBXProject section */
		292D2D6D284A42CD004A465B /* Project object */ = {
			isa = PBXProject;
			attributes = {
				BuildIndependentTargetsInParallel = 1;
				LastSwiftUpdateCheck = 1320;
				LastUpgradeCheck = 1320;
				TargetAttributes = {
					292D2D74284A42CD004A465B = {
						CreatedOnToolsVersion = 13.2.1;
					};
					292D2D8A284A42D2004A465B = {
						CreatedOnToolsVersion = 13.2.1;
						TestTargetID = 292D2D74284A42CD004A465B;
					};
					292D2D94284A42D2004A465B = {
						CreatedOnToolsVersion = 13.2.1;
						TestTargetID = 292D2D74284A42CD004A465B;
					};
				};
			};
			buildConfigurationList = 292D2D70284A42CD004A465B /* Build configuration list for PBXProject "TaskBucket" */;
			compatibilityVersion = "Xcode 13.0";
			developmentRegion = en;
			hasScannedForEncodings = 0;
			knownRegions = (
				en,
				Base,
			);
			mainGroup = 292D2D6C284A42CD004A465B;
			packageReferences = (
			);
			productRefGroup = 292D2D76284A42CD004A465B /* Products */;
			projectDirPath = "";
			projectRoot = "";
			targets = (
				292D2D74284A42CD004A465B /* TaskBucket */,
				292D2D8A284A42D2004A465B /* TaskBucketTests */,
				292D2D94284A42D2004A465B /* TaskBucketUITests */,
			);
		};
/* End PBXProject section */

/* Begin PBXResourcesBuildPhase section */
		292D2D73284A42CD004A465B /* Resources */ = {
			isa = PBXResourcesBuildPhase;
			buildActionMask = 2147483647;
			files = (
				292D2D85284A42D2004A465B /* LaunchScreen.storyboard in Resources */,
				292D2DBB2851FE4D004A465B /* GoogleService-Info.plist in Resources */,
				292D2D82284A42D2004A465B /* Assets.xcassets in Resources */,
				292D2D80284A42CD004A465B /* Main.storyboard in Resources */,
				2902CEA228716798009F5BED /* TaskTableViewCell.xib in Resources */,
				29E5E4032871C5D200CAF741 /* GoogleService-Info.plist in Resources */,
			);
			runOnlyForDeploymentPostprocessing = 0;
		};
		292D2D89284A42D2004A465B /* Resources */ = {
			isa = PBXResourcesBuildPhase;
			buildActionMask = 2147483647;
			files = (
			);
			runOnlyForDeploymentPostprocessing = 0;
		};
		292D2D93284A42D2004A465B /* Resources */ = {
			isa = PBXResourcesBuildPhase;
			buildActionMask = 2147483647;
			files = (
			);
			runOnlyForDeploymentPostprocessing = 0;
		};
/* End PBXResourcesBuildPhase section */

/* Begin PBXShellScriptBuildPhase section */
		43D9897DB54D1A2F5261F85F /* [CP] Check Pods Manifest.lock */ = {
			isa = PBXShellScriptBuildPhase;
			buildActionMask = 2147483647;
			files = (
			);
			inputFileListPaths = (
			);
			inputPaths = (
				"${PODS_PODFILE_DIR_PATH}/Podfile.lock",
				"${PODS_ROOT}/Manifest.lock",
			);
			name = "[CP] Check Pods Manifest.lock";
			outputFileListPaths = (
			);
			outputPaths = (
				"$(DERIVED_FILE_DIR)/Pods-TaskBucketTests-checkManifestLockResult.txt",
			);
			runOnlyForDeploymentPostprocessing = 0;
			shellPath = /bin/sh;
			shellScript = "diff \"${PODS_PODFILE_DIR_PATH}/Podfile.lock\" \"${PODS_ROOT}/Manifest.lock\" > /dev/null\nif [ $? != 0 ] ; then\n    # print error to STDERR\n    echo \"error: The sandbox is not in sync with the Podfile.lock. Run 'pod install' or update your CocoaPods installation.\" >&2\n    exit 1\nfi\n# This output is used by Xcode 'outputs' to avoid re-running this script phase.\necho \"SUCCESS\" > \"${SCRIPT_OUTPUT_FILE_0}\"\n";
			showEnvVarsInLog = 0;
		};
		615EFFC03F96F59A1C779964 /* [CP] Check Pods Manifest.lock */ = {
			isa = PBXShellScriptBuildPhase;
			buildActionMask = 2147483647;
			files = (
			);
			inputFileListPaths = (
			);
			inputPaths = (
				"${PODS_PODFILE_DIR_PATH}/Podfile.lock",
				"${PODS_ROOT}/Manifest.lock",
			);
			name = "[CP] Check Pods Manifest.lock";
			outputFileListPaths = (
			);
			outputPaths = (
				"$(DERIVED_FILE_DIR)/Pods-TaskBucket-checkManifestLockResult.txt",
			);
			runOnlyForDeploymentPostprocessing = 0;
			shellPath = /bin/sh;
			shellScript = "diff \"${PODS_PODFILE_DIR_PATH}/Podfile.lock\" \"${PODS_ROOT}/Manifest.lock\" > /dev/null\nif [ $? != 0 ] ; then\n    # print error to STDERR\n    echo \"error: The sandbox is not in sync with the Podfile.lock. Run 'pod install' or update your CocoaPods installation.\" >&2\n    exit 1\nfi\n# This output is used by Xcode 'outputs' to avoid re-running this script phase.\necho \"SUCCESS\" > \"${SCRIPT_OUTPUT_FILE_0}\"\n";
			showEnvVarsInLog = 0;
		};
		8CD02DB1BB017283339EF1CF /* [CP] Embed Pods Frameworks */ = {
			isa = PBXShellScriptBuildPhase;
			buildActionMask = 2147483647;
			files = (
			);
			inputFileListPaths = (
				"${PODS_ROOT}/Target Support Files/Pods-TaskBucket/Pods-TaskBucket-frameworks-${CONFIGURATION}-input-files.xcfilelist",
			);
			name = "[CP] Embed Pods Frameworks";
			outputFileListPaths = (
				"${PODS_ROOT}/Target Support Files/Pods-TaskBucket/Pods-TaskBucket-frameworks-${CONFIGURATION}-output-files.xcfilelist",
			);
			runOnlyForDeploymentPostprocessing = 0;
			shellPath = /bin/sh;
			shellScript = "\"${PODS_ROOT}/Target Support Files/Pods-TaskBucket/Pods-TaskBucket-frameworks.sh\"\n";
			showEnvVarsInLog = 0;
		};
		D87170C8375CD368CF722FC3 /* [CP] Check Pods Manifest.lock */ = {
			isa = PBXShellScriptBuildPhase;
			buildActionMask = 2147483647;
			files = (
			);
			inputFileListPaths = (
			);
			inputPaths = (
				"${PODS_PODFILE_DIR_PATH}/Podfile.lock",
				"${PODS_ROOT}/Manifest.lock",
			);
			name = "[CP] Check Pods Manifest.lock";
			outputFileListPaths = (
			);
			outputPaths = (
				"$(DERIVED_FILE_DIR)/Pods-TaskBucket-TaskBucketUITests-checkManifestLockResult.txt",
			);
			runOnlyForDeploymentPostprocessing = 0;
			shellPath = /bin/sh;
			shellScript = "diff \"${PODS_PODFILE_DIR_PATH}/Podfile.lock\" \"${PODS_ROOT}/Manifest.lock\" > /dev/null\nif [ $? != 0 ] ; then\n    # print error to STDERR\n    echo \"error: The sandbox is not in sync with the Podfile.lock. Run 'pod install' or update your CocoaPods installation.\" >&2\n    exit 1\nfi\n# This output is used by Xcode 'outputs' to avoid re-running this script phase.\necho \"SUCCESS\" > \"${SCRIPT_OUTPUT_FILE_0}\"\n";
			showEnvVarsInLog = 0;
		};
		EAFB9C1F69B5B5EF38E48952 /* [CP] Embed Pods Frameworks */ = {
			isa = PBXShellScriptBuildPhase;
			buildActionMask = 2147483647;
			files = (
			);
			inputFileListPaths = (
				"${PODS_ROOT}/Target Support Files/Pods-TaskBucket-TaskBucketUITests/Pods-TaskBucket-TaskBucketUITests-frameworks-${CONFIGURATION}-input-files.xcfilelist",
			);
			name = "[CP] Embed Pods Frameworks";
			outputFileListPaths = (
				"${PODS_ROOT}/Target Support Files/Pods-TaskBucket-TaskBucketUITests/Pods-TaskBucket-TaskBucketUITests-frameworks-${CONFIGURATION}-output-files.xcfilelist",
			);
			runOnlyForDeploymentPostprocessing = 0;
			shellPath = /bin/sh;
			shellScript = "\"${PODS_ROOT}/Target Support Files/Pods-TaskBucket-TaskBucketUITests/Pods-TaskBucket-TaskBucketUITests-frameworks.sh\"\n";
			showEnvVarsInLog = 0;
		};
/* End PBXShellScriptBuildPhase section */

/* Begin PBXSourcesBuildPhase section */
		292D2D71284A42CD004A465B /* Sources */ = {
			isa = PBXSourcesBuildPhase;
			buildActionMask = 2147483647;
			files = (
				292D2DAA284A4378004A465B /* User.swift in Sources */,
				29C920BA2855C1F6000B6BC9 /* TaskListViewController.swift in Sources */,
				2902CE9C286DF606009F5BED /* TaskViewController.swift in Sources */,
				292D2DB0284E6548004A465B /* TestData.swift in Sources */,
				2902CE9A286DF5EC009F5BED /* EntryViewController.swift in Sources */,
				29C920B828537887000B6BC9 /* GroupTask.swift in Sources */,
				2902CE9E286F175E009F5BED /* ProfileViewController.swift in Sources */,
				292D2DB92850CA1E004A465B /* RestorPasswordViewController.swift in Sources */,
				292D2DB5284E7833004A465B /* ViewController.swift in Sources */,
				292D2D7D284A42CD004A465B /* LogInViewController.swift in Sources */,
				292D2DB72850046A004A465B /* CreateAccountViewController.swift in Sources */,
				2902CEA128716798009F5BED /* TaskTableViewCell.swift in Sources */,
				292D2DAE284A467D004A465B /* Task.swift in Sources */,
				292D2D79284A42CD004A465B /* AppDelegate.swift in Sources */,
				29C920B328532EF4000B6BC9 /* Utilities.swift in Sources */,
				29C920B6285376D3000B6BC9 /* FirebaseController.swift in Sources */,
				292D2D7B284A42CD004A465B /* SceneDelegate.swift in Sources */,
			);
			runOnlyForDeploymentPostprocessing = 0;
		};
		292D2D87284A42D2004A465B /* Sources */ = {
			isa = PBXSourcesBuildPhase;
			buildActionMask = 2147483647;
			files = (
				292D2D90284A42D2004A465B /* TaskBucketTests.swift in Sources */,
			);
			runOnlyForDeploymentPostprocessing = 0;
		};
		292D2D91284A42D2004A465B /* Sources */ = {
			isa = PBXSourcesBuildPhase;
			buildActionMask = 2147483647;
			files = (
				292D2D9A284A42D2004A465B /* TaskBucketUITests.swift in Sources */,
				292D2D9C284A42D2004A465B /* TaskBucketUITestsLaunchTests.swift in Sources */,
			);
			runOnlyForDeploymentPostprocessing = 0;
		};
/* End PBXSourcesBuildPhase section */

/* Begin PBXTargetDependency section */
		292D2D8D284A42D2004A465B /* PBXTargetDependency */ = {
			isa = PBXTargetDependency;
			target = 292D2D74284A42CD004A465B /* TaskBucket */;
			targetProxy = 292D2D8C284A42D2004A465B /* PBXContainerItemProxy */;
		};
		292D2D97284A42D2004A465B /* PBXTargetDependency */ = {
			isa = PBXTargetDependency;
			target = 292D2D74284A42CD004A465B /* TaskBucket */;
			targetProxy = 292D2D96284A42D2004A465B /* PBXContainerItemProxy */;
		};
/* End PBXTargetDependency section */

/* Begin PBXVariantGroup section */
		292D2D7E284A42CD004A465B /* Main.storyboard */ = {
			isa = PBXVariantGroup;
			children = (
				292D2D7F284A42CD004A465B /* Base */,
			);
			name = Main.storyboard;
			sourceTree = "<group>";
		};
		292D2D83284A42D2004A465B /* LaunchScreen.storyboard */ = {
			isa = PBXVariantGroup;
			children = (
				292D2D84284A42D2004A465B /* Base */,
			);
			name = LaunchScreen.storyboard;
			sourceTree = "<group>";
		};
/* End PBXVariantGroup section */

/* Begin XCBuildConfiguration section */
		292D2D9D284A42D2004A465B /* Debug */ = {
			isa = XCBuildConfiguration;
			buildSettings = {
				ALWAYS_SEARCH_USER_PATHS = NO;
				CLANG_ANALYZER_NONNULL = YES;
				CLANG_ANALYZER_NUMBER_OBJECT_CONVERSION = YES_AGGRESSIVE;
				CLANG_CXX_LANGUAGE_STANDARD = "gnu++17";
				CLANG_CXX_LIBRARY = "libc++";
				CLANG_ENABLE_MODULES = YES;
				CLANG_ENABLE_OBJC_ARC = YES;
				CLANG_ENABLE_OBJC_WEAK = YES;
				CLANG_WARN_BLOCK_CAPTURE_AUTORELEASING = YES;
				CLANG_WARN_BOOL_CONVERSION = YES;
				CLANG_WARN_COMMA = YES;
				CLANG_WARN_CONSTANT_CONVERSION = YES;
				CLANG_WARN_DEPRECATED_OBJC_IMPLEMENTATIONS = YES;
				CLANG_WARN_DIRECT_OBJC_ISA_USAGE = YES_ERROR;
				CLANG_WARN_DOCUMENTATION_COMMENTS = YES;
				CLANG_WARN_EMPTY_BODY = YES;
				CLANG_WARN_ENUM_CONVERSION = YES;
				CLANG_WARN_INFINITE_RECURSION = YES;
				CLANG_WARN_INT_CONVERSION = YES;
				CLANG_WARN_NON_LITERAL_NULL_CONVERSION = YES;
				CLANG_WARN_OBJC_IMPLICIT_RETAIN_SELF = YES;
				CLANG_WARN_OBJC_LITERAL_CONVERSION = YES;
				CLANG_WARN_OBJC_ROOT_CLASS = YES_ERROR;
				CLANG_WARN_QUOTED_INCLUDE_IN_FRAMEWORK_HEADER = YES;
				CLANG_WARN_RANGE_LOOP_ANALYSIS = YES;
				CLANG_WARN_STRICT_PROTOTYPES = YES;
				CLANG_WARN_SUSPICIOUS_MOVE = YES;
				CLANG_WARN_UNGUARDED_AVAILABILITY = YES_AGGRESSIVE;
				CLANG_WARN_UNREACHABLE_CODE = YES;
				CLANG_WARN__DUPLICATE_METHOD_MATCH = YES;
				COPY_PHASE_STRIP = NO;
				DEBUG_INFORMATION_FORMAT = dwarf;
				ENABLE_STRICT_OBJC_MSGSEND = YES;
				ENABLE_TESTABILITY = YES;
				GCC_C_LANGUAGE_STANDARD = gnu11;
				GCC_DYNAMIC_NO_PIC = NO;
				GCC_NO_COMMON_BLOCKS = YES;
				GCC_OPTIMIZATION_LEVEL = 0;
				GCC_PREPROCESSOR_DEFINITIONS = (
					"DEBUG=1",
					"$(inherited)",
				);
				GCC_WARN_64_TO_32_BIT_CONVERSION = YES;
				GCC_WARN_ABOUT_RETURN_TYPE = YES_ERROR;
				GCC_WARN_UNDECLARED_SELECTOR = YES;
				GCC_WARN_UNINITIALIZED_AUTOS = YES_AGGRESSIVE;
				GCC_WARN_UNUSED_FUNCTION = YES;
				GCC_WARN_UNUSED_VARIABLE = YES;
				IPHONEOS_DEPLOYMENT_TARGET = 15.2;
				MTL_ENABLE_DEBUG_INFO = INCLUDE_SOURCE;
				MTL_FAST_MATH = YES;
				ONLY_ACTIVE_ARCH = YES;
				SDKROOT = iphoneos;
				SWIFT_ACTIVE_COMPILATION_CONDITIONS = DEBUG;
				SWIFT_OPTIMIZATION_LEVEL = "-Onone";
			};
			name = Debug;
		};
		292D2D9E284A42D2004A465B /* Release */ = {
			isa = XCBuildConfiguration;
			buildSettings = {
				ALWAYS_SEARCH_USER_PATHS = NO;
				CLANG_ANALYZER_NONNULL = YES;
				CLANG_ANALYZER_NUMBER_OBJECT_CONVERSION = YES_AGGRESSIVE;
				CLANG_CXX_LANGUAGE_STANDARD = "gnu++17";
				CLANG_CXX_LIBRARY = "libc++";
				CLANG_ENABLE_MODULES = YES;
				CLANG_ENABLE_OBJC_ARC = YES;
				CLANG_ENABLE_OBJC_WEAK = YES;
				CLANG_WARN_BLOCK_CAPTURE_AUTORELEASING = YES;
				CLANG_WARN_BOOL_CONVERSION = YES;
				CLANG_WARN_COMMA = YES;
				CLANG_WARN_CONSTANT_CONVERSION = YES;
				CLANG_WARN_DEPRECATED_OBJC_IMPLEMENTATIONS = YES;
				CLANG_WARN_DIRECT_OBJC_ISA_USAGE = YES_ERROR;
				CLANG_WARN_DOCUMENTATION_COMMENTS = YES;
				CLANG_WARN_EMPTY_BODY = YES;
				CLANG_WARN_ENUM_CONVERSION = YES;
				CLANG_WARN_INFINITE_RECURSION = YES;
				CLANG_WARN_INT_CONVERSION = YES;
				CLANG_WARN_NON_LITERAL_NULL_CONVERSION = YES;
				CLANG_WARN_OBJC_IMPLICIT_RETAIN_SELF = YES;
				CLANG_WARN_OBJC_LITERAL_CONVERSION = YES;
				CLANG_WARN_OBJC_ROOT_CLASS = YES_ERROR;
				CLANG_WARN_QUOTED_INCLUDE_IN_FRAMEWORK_HEADER = YES;
				CLANG_WARN_RANGE_LOOP_ANALYSIS = YES;
				CLANG_WARN_STRICT_PROTOTYPES = YES;
				CLANG_WARN_SUSPICIOUS_MOVE = YES;
				CLANG_WARN_UNGUARDED_AVAILABILITY = YES_AGGRESSIVE;
				CLANG_WARN_UNREACHABLE_CODE = YES;
				CLANG_WARN__DUPLICATE_METHOD_MATCH = YES;
				COPY_PHASE_STRIP = NO;
				DEBUG_INFORMATION_FORMAT = "dwarf-with-dsym";
				ENABLE_NS_ASSERTIONS = NO;
				ENABLE_STRICT_OBJC_MSGSEND = YES;
				GCC_C_LANGUAGE_STANDARD = gnu11;
				GCC_NO_COMMON_BLOCKS = YES;
				GCC_WARN_64_TO_32_BIT_CONVERSION = YES;
				GCC_WARN_ABOUT_RETURN_TYPE = YES_ERROR;
				GCC_WARN_UNDECLARED_SELECTOR = YES;
				GCC_WARN_UNINITIALIZED_AUTOS = YES_AGGRESSIVE;
				GCC_WARN_UNUSED_FUNCTION = YES;
				GCC_WARN_UNUSED_VARIABLE = YES;
				IPHONEOS_DEPLOYMENT_TARGET = 15.2;
				MTL_ENABLE_DEBUG_INFO = NO;
				MTL_FAST_MATH = YES;
				SDKROOT = iphoneos;
				SWIFT_COMPILATION_MODE = wholemodule;
				SWIFT_OPTIMIZATION_LEVEL = "-O";
				VALIDATE_PRODUCT = YES;
			};
			name = Release;
		};
		292D2DA0284A42D2004A465B /* Debug */ = {
			isa = XCBuildConfiguration;
			baseConfigurationReference = E1E1C15DE3D2FF89C117D64D /* Pods-TaskBucket.debug.xcconfig */;
			buildSettings = {
				ASSETCATALOG_COMPILER_APPICON_NAME = AppIcon;
				ASSETCATALOG_COMPILER_GLOBAL_ACCENT_COLOR_NAME = AccentColor;
				CODE_SIGN_STYLE = Automatic;
				CURRENT_PROJECT_VERSION = 1;
				GENERATE_INFOPLIST_FILE = YES;
				INFOPLIST_FILE = TaskBucket/Info.plist;
				INFOPLIST_KEY_UIApplicationSupportsIndirectInputEvents = YES;
				INFOPLIST_KEY_UILaunchStoryboardName = LaunchScreen;
				INFOPLIST_KEY_UIMainStoryboardFile = Main;
				INFOPLIST_KEY_UISupportedInterfaceOrientations_iPad = "UIInterfaceOrientationPortrait UIInterfaceOrientationPortraitUpsideDown UIInterfaceOrientationLandscapeLeft UIInterfaceOrientationLandscapeRight";
				INFOPLIST_KEY_UISupportedInterfaceOrientations_iPhone = "UIInterfaceOrientationPortrait UIInterfaceOrientationLandscapeLeft UIInterfaceOrientationLandscapeRight";
				LD_RUNPATH_SEARCH_PATHS = (
					"$(inherited)",
					"@executable_path/Frameworks",
				);
				MARKETING_VERSION = 1.0;
				PRODUCT_BUNDLE_IDENTIFIER = com.imaginativemonkeys.TaskBucket;
				PRODUCT_NAME = "$(TARGET_NAME)";
				SWIFT_EMIT_LOC_STRINGS = YES;
				SWIFT_VERSION = 5.0;
				TARGETED_DEVICE_FAMILY = "1,2";
			};
			name = Debug;
		};
		292D2DA1284A42D2004A465B /* Release */ = {
			isa = XCBuildConfiguration;
			baseConfigurationReference = 6AFCCE0A5C9280209C0F4B4D /* Pods-TaskBucket.release.xcconfig */;
			buildSettings = {
				ASSETCATALOG_COMPILER_APPICON_NAME = AppIcon;
				ASSETCATALOG_COMPILER_GLOBAL_ACCENT_COLOR_NAME = AccentColor;
				CODE_SIGN_STYLE = Automatic;
				CURRENT_PROJECT_VERSION = 1;
				GENERATE_INFOPLIST_FILE = YES;
				INFOPLIST_FILE = TaskBucket/Info.plist;
				INFOPLIST_KEY_UIApplicationSupportsIndirectInputEvents = YES;
				INFOPLIST_KEY_UILaunchStoryboardName = LaunchScreen;
				INFOPLIST_KEY_UIMainStoryboardFile = Main;
				INFOPLIST_KEY_UISupportedInterfaceOrientations_iPad = "UIInterfaceOrientationPortrait UIInterfaceOrientationPortraitUpsideDown UIInterfaceOrientationLandscapeLeft UIInterfaceOrientationLandscapeRight";
				INFOPLIST_KEY_UISupportedInterfaceOrientations_iPhone = "UIInterfaceOrientationPortrait UIInterfaceOrientationLandscapeLeft UIInterfaceOrientationLandscapeRight";
				LD_RUNPATH_SEARCH_PATHS = (
					"$(inherited)",
					"@executable_path/Frameworks",
				);
				MARKETING_VERSION = 1.0;
				PRODUCT_BUNDLE_IDENTIFIER = com.imaginativemonkeys.TaskBucket;
				PRODUCT_NAME = "$(TARGET_NAME)";
				SWIFT_EMIT_LOC_STRINGS = YES;
				SWIFT_VERSION = 5.0;
				TARGETED_DEVICE_FAMILY = "1,2";
			};
			name = Release;
		};
		292D2DA3284A42D2004A465B /* Debug */ = {
			isa = XCBuildConfiguration;
			baseConfigurationReference = 3E457D5A8F9042B927E1EC8C /* Pods-TaskBucketTests.debug.xcconfig */;
			buildSettings = {
				ALWAYS_EMBED_SWIFT_STANDARD_LIBRARIES = YES;
				BUNDLE_LOADER = "$(TEST_HOST)";
				CODE_SIGN_STYLE = Automatic;
				CURRENT_PROJECT_VERSION = 1;
				GENERATE_INFOPLIST_FILE = YES;
				IPHONEOS_DEPLOYMENT_TARGET = 15.2;
				MARKETING_VERSION = 1.0;
				PRODUCT_BUNDLE_IDENTIFIER = com.imaginativemonkeys.TaskBucketTests;
				PRODUCT_NAME = "$(TARGET_NAME)";
				SWIFT_EMIT_LOC_STRINGS = NO;
				SWIFT_VERSION = 5.0;
				TARGETED_DEVICE_FAMILY = "1,2";
				TEST_HOST = "$(BUILT_PRODUCTS_DIR)/TaskBucket.app/TaskBucket";
			};
			name = Debug;
		};
		292D2DA4284A42D2004A465B /* Release */ = {
			isa = XCBuildConfiguration;
			baseConfigurationReference = 91FE61127ACF406EC098BFB9 /* Pods-TaskBucketTests.release.xcconfig */;
			buildSettings = {
				ALWAYS_EMBED_SWIFT_STANDARD_LIBRARIES = YES;
				BUNDLE_LOADER = "$(TEST_HOST)";
				CODE_SIGN_STYLE = Automatic;
				CURRENT_PROJECT_VERSION = 1;
				GENERATE_INFOPLIST_FILE = YES;
				IPHONEOS_DEPLOYMENT_TARGET = 15.2;
				MARKETING_VERSION = 1.0;
				PRODUCT_BUNDLE_IDENTIFIER = com.imaginativemonkeys.TaskBucketTests;
				PRODUCT_NAME = "$(TARGET_NAME)";
				SWIFT_EMIT_LOC_STRINGS = NO;
				SWIFT_VERSION = 5.0;
				TARGETED_DEVICE_FAMILY = "1,2";
				TEST_HOST = "$(BUILT_PRODUCTS_DIR)/TaskBucket.app/TaskBucket";
			};
			name = Release;
		};
		292D2DA6284A42D2004A465B /* Debug */ = {
			isa = XCBuildConfiguration;
			baseConfigurationReference = A700A6D9DEBDE07DA0D15D36 /* Pods-TaskBucket-TaskBucketUITests.debug.xcconfig */;
			buildSettings = {
				ALWAYS_EMBED_SWIFT_STANDARD_LIBRARIES = YES;
				CODE_SIGN_STYLE = Automatic;
				CURRENT_PROJECT_VERSION = 1;
				GENERATE_INFOPLIST_FILE = YES;
				MARKETING_VERSION = 1.0;
				PRODUCT_BUNDLE_IDENTIFIER = com.imaginativemonkeys.TaskBucketUITests;
				PRODUCT_NAME = "$(TARGET_NAME)";
				SWIFT_EMIT_LOC_STRINGS = NO;
				SWIFT_VERSION = 5.0;
				TARGETED_DEVICE_FAMILY = "1,2";
				TEST_TARGET_NAME = TaskBucket;
			};
			name = Debug;
		};
		292D2DA7284A42D2004A465B /* Release */ = {
			isa = XCBuildConfiguration;
			baseConfigurationReference = F62F43F0F0097A24995FB00B /* Pods-TaskBucket-TaskBucketUITests.release.xcconfig */;
			buildSettings = {
				ALWAYS_EMBED_SWIFT_STANDARD_LIBRARIES = YES;
				CODE_SIGN_STYLE = Automatic;
				CURRENT_PROJECT_VERSION = 1;
				GENERATE_INFOPLIST_FILE = YES;
				MARKETING_VERSION = 1.0;
				PRODUCT_BUNDLE_IDENTIFIER = com.imaginativemonkeys.TaskBucketUITests;
				PRODUCT_NAME = "$(TARGET_NAME)";
				SWIFT_EMIT_LOC_STRINGS = NO;
				SWIFT_VERSION = 5.0;
				TARGETED_DEVICE_FAMILY = "1,2";
				TEST_TARGET_NAME = TaskBucket;
			};
			name = Release;
		};
/* End XCBuildConfiguration section */

/* Begin XCConfigurationList section */
		292D2D70284A42CD004A465B /* Build configuration list for PBXProject "TaskBucket" */ = {
			isa = XCConfigurationList;
			buildConfigurations = (
				292D2D9D284A42D2004A465B /* Debug */,
				292D2D9E284A42D2004A465B /* Release */,
			);
			defaultConfigurationIsVisible = 0;
			defaultConfigurationName = Release;
		};
		292D2D9F284A42D2004A465B /* Build configuration list for PBXNativeTarget "TaskBucket" */ = {
			isa = XCConfigurationList;
			buildConfigurations = (
				292D2DA0284A42D2004A465B /* Debug */,
				292D2DA1284A42D2004A465B /* Release */,
			);
			defaultConfigurationIsVisible = 0;
			defaultConfigurationName = Release;
		};
		292D2DA2284A42D2004A465B /* Build configuration list for PBXNativeTarget "TaskBucketTests" */ = {
			isa = XCConfigurationList;
			buildConfigurations = (
				292D2DA3284A42D2004A465B /* Debug */,
				292D2DA4284A42D2004A465B /* Release */,
			);
			defaultConfigurationIsVisible = 0;
			defaultConfigurationName = Release;
		};
		292D2DA5284A42D2004A465B /* Build configuration list for PBXNativeTarget "TaskBucketUITests" */ = {
			isa = XCConfigurationList;
			buildConfigurations = (
				292D2DA6284A42D2004A465B /* Debug */,
				292D2DA7284A42D2004A465B /* Release */,
			);
			defaultConfigurationIsVisible = 0;
			defaultConfigurationName = Release;
		};
/* End XCConfigurationList section */
	};
	rootObject = 292D2D6D284A42CD004A465B /* Project object */;
}
